
Microsoft Visual Studio Solution File, Format Version 12.00
# Visual Studio 15
VisualStudioVersion = 15.0.28307.421
MinimumVisualStudioVersion = 10.0.40219.1
Project("{FAE04EC0-301F-11D3-BF4B-00C04F79EFBC}") = "WebApiPractice", "WebApiPractice\WebApiPractice.csproj", "{17ECBB96-720B-48C9-8509-85A1A6811989}"
EndProject
Global
	GlobalSection(SolutionConfigurationPlatforms) = preSolution
		Debug|Any CPU = Debug|Any CPU
		Release|Any CPU = Release|Any CPU
	EndGlobalSection
	GlobalSection(ProjectConfigurationPlatforms) = postSolution
		{17ECBB96-720B-48C9-8509-85A1A6811989}.Debug|Any CPU.ActiveCfg = Debug|Any CPU
		{17ECBB96-720B-48C9-8509-85A1A6811989}.Debug|Any CPU.Build.0 = Debug|Any CPU
		{17ECBB96-720B-48C9-8509-85A1A6811989}.Release|Any CPU.ActiveCfg = Release|Any CPU
		{17ECBB96-720B-48C9-8509-85A1A6811989}.Release|Any CPU.Build.0 = Release|Any CPU
	EndGlobalSection
	GlobalSection(SolutionProperties) = preSolution
		HideSolutionNode = FALSE
	EndGlobalSection
	GlobalSection(ExtensibilityGlobals) = postSolution
		SolutionGuid = {BAA42C1E-F903-4BDF-A255-90BC0B42B05B}
	EndGlobalSection
EndGlobal
